
Microsoft Visual Studio Solution File, Format Version 12.00
# Visual Studio Version 16
VisualStudioVersion = 16.0.31205.134
MinimumVisualStudioVersion = 10.0.40219.1
Project("{FAE04EC0-301F-11D3-BF4B-00C04F79EFBC}") = "encrypt_utility", "encrypt_utility.csproj", "{24389419-7D14-4BCB-BAFD-3142FBF9E434}"
EndProject
Global
	GlobalSection(SolutionConfigurationPlatforms) = preSolution
		Debug|Any CPU = Debug|Any CPU
		Release|Any CPU = Release|Any CPU
	EndGlobalSection
	GlobalSection(ProjectConfigurationPlatforms) = postSolution
		{24389419-7D14-4BCB-BAFD-3142FBF9E434}.Debug|Any CPU.ActiveCfg = Debug|Any CPU
		{24389419-7D14-4BCB-BAFD-3142FBF9E434}.Debug|Any CPU.Build.0 = Debug|Any CPU
		{24389419-7D14-4BCB-BAFD-3142FBF9E434}.Release|Any CPU.ActiveCfg = Release|Any CPU
		{24389419-7D14-4BCB-BAFD-3142FBF9E434}.Release|Any CPU.Build.0 = Release|Any CPU
	EndGlobalSection
	GlobalSection(SolutionProperties) = preSolution
		HideSolutionNode = FALSE
	EndGlobalSection
	GlobalSection(ExtensibilityGlobals) = postSolution
		SolutionGuid = {5528AAD2-7334-4A4D-B813-69AA048616A2}
	EndGlobalSection
EndGlobal
